
Microsoft Visual Studio Solution File, Format Version 12.00
# Visual Studio Version 17
VisualStudioVersion = 17.14.36811.4 d17.14
MinimumVisualStudioVersion = 10.0.40219.1
Project("{FAE04EC0-301F-11D3-BF4B-00C04F79EFBC}") = "ResUst", "ResUst\ResUst.csproj", "{45051F5B-2063-46FF-AB79-F53248426725}"
EndProject
Global
	GlobalSection(SolutionConfigurationPlatforms) = preSolution
		Debug|Any CPU = Debug|Any CPU
		Release|Any CPU = Release|Any CPU
	EndGlobalSection
	GlobalSection(ProjectConfigurationPlatforms) = postSolution
		{45051F5B-2063-46FF-AB79-F53248426725}.Debug|Any CPU.ActiveCfg = Debug|Any CPU
		{45051F5B-2063-46FF-AB79-F53248426725}.Debug|Any CPU.Build.0 = Debug|Any CPU
		{45051F5B-2063-46FF-AB79-F53248426725}.Release|Any CPU.ActiveCfg = Release|Any CPU
		{45051F5B-2063-46FF-AB79-F53248426725}.Release|Any CPU.Build.0 = Release|Any CPU
	EndGlobalSection
	GlobalSection(SolutionProperties) = preSolution
		HideSolutionNode = FALSE
	EndGlobalSection
	GlobalSection(ExtensibilityGlobals) = postSolution
		SolutionGuid = {D39051F5-BDC5-49A0-B986-76DD5B18340C}
	EndGlobalSection
EndGlobal
